
Microsoft Visual Studio Solution File, Format Version 12.00
# Visual Studio Version 17
VisualStudioVersion = 17.11.35312.102
MinimumVisualStudioVersion = 10.0.40219.1
Project("{FAE04EC0-301F-11D3-BF4B-00C04F79EFBC}") = "dateiZugriff", "dateiZugriff\dateiZugriff.csproj", "{DE9D382D-2650-4E85-AE37-5B23937ED6AD}"
EndProject
Global
	GlobalSection(SolutionConfigurationPlatforms) = preSolution
		Debug|Any CPU = Debug|Any CPU
		Release|Any CPU = Release|Any CPU
	EndGlobalSection
	GlobalSection(ProjectConfigurationPlatforms) = postSolution
		{DE9D382D-2650-4E85-AE37-5B23937ED6AD}.Debug|Any CPU.ActiveCfg = Debug|Any CPU
		{DE9D382D-2650-4E85-AE37-5B23937ED6AD}.Debug|Any CPU.Build.0 = Debug|Any CPU
		{DE9D382D-2650-4E85-AE37-5B23937ED6AD}.Release|Any CPU.ActiveCfg = Release|Any CPU
		{DE9D382D-2650-4E85-AE37-5B23937ED6AD}.Release|Any CPU.Build.0 = Release|Any CPU
	EndGlobalSection
	GlobalSection(SolutionProperties) = preSolution
		HideSolutionNode = FALSE
	EndGlobalSection
	GlobalSection(ExtensibilityGlobals) = postSolution
		SolutionGuid = {DC2993F5-A093-4FE2-B1D6-4DF22AF6B981}
	EndGlobalSection
EndGlobal
